
Microsoft Visual Studio Solution File, Format Version 12.00
# Visual Studio Version 17
VisualStudioVersion = 17.2.32519.379
MinimumVisualStudioVersion = 10.0.40219.1
Project("{8BC9CEB8-8B4A-11D0-8D11-00A0C91BC942}") = "proiectulsubmarin", "proiectulsubmarin\proiectulsubmarin.vcxproj", "{C3F85A2E-7411-4163-BDA2-20CA11A2F03B}"
EndProject
Project("{2150E333-8FDC-42A3-9474-1A3956D46DE8}") = "Image", "Image", "{E5BEA156-6D6B-4025-8451-3027B16FFCD5}"
	ProjectSection(SolutionItems) = preProject
		..\Submarin.png = ..\Submarin.png
	EndProjectSection
EndProject
Global
	GlobalSection(SolutionConfigurationPlatforms) = preSolution
		Debug|x64 = Debug|x64
		Debug|x86 = Debug|x86
		Release|x64 = Release|x64
		Release|x86 = Release|x86
	EndGlobalSection
	GlobalSection(ProjectConfigurationPlatforms) = postSolution
		{C3F85A2E-7411-4163-BDA2-20CA11A2F03B}.Debug|x64.ActiveCfg = Debug|x64
		{C3F85A2E-7411-4163-BDA2-20CA11A2F03B}.Debug|x64.Build.0 = Debug|x64
		{C3F85A2E-7411-4163-BDA2-20CA11A2F03B}.Debug|x86.ActiveCfg = Debug|Win32
		{C3F85A2E-7411-4163-BDA2-20CA11A2F03B}.Debug|x86.Build.0 = Debug|Win32
		{C3F85A2E-7411-4163-BDA2-20CA11A2F03B}.Release|x64.ActiveCfg = Release|x64
		{C3F85A2E-7411-4163-BDA2-20CA11A2F03B}.Release|x64.Build.0 = Release|x64
		{C3F85A2E-7411-4163-BDA2-20CA11A2F03B}.Release|x86.ActiveCfg = Release|Win32
		{C3F85A2E-7411-4163-BDA2-20CA11A2F03B}.Release|x86.Build.0 = Release|Win32
	EndGlobalSection
	GlobalSection(SolutionProperties) = preSolution
		HideSolutionNode = FALSE
	EndGlobalSection
	GlobalSection(ExtensibilityGlobals) = postSolution
		SolutionGuid = {38CA6C5B-9009-4B87-AD65-E57F08AAD391}
	EndGlobalSection
EndGlobal
